
Microsoft Visual Studio Solution File, Format Version 12.00
# Visual Studio Version 16
VisualStudioVersion = 16.0.30804.86
MinimumVisualStudioVersion = 10.0.40219.1
Project("{9A19103F-16F7-4668-BE54-9A1E7A4F7556}") = "MultiServiceIntegration", "MultiServiceIntegration\MultiServiceIntegration.csproj", "{1843FC6B-EA48-4549-A1DA-C3CFE2EA1141}"
EndProject
Project("{9A19103F-16F7-4668-BE54-9A1E7A4F7556}") = "GeoIP.API.Service", "GeoIP.API.Service\GeoIP.API.Service.csproj", "{88B791E6-629A-4FBF-B83C-EC84DCD380CF}"
EndProject
Project("{9A19103F-16F7-4668-BE54-9A1E7A4F7556}") = "RDAP.API.Service", "RDAP.API.Service\RDAP.API.Service.csproj", "{FAD50CF8-DC1D-4FFC-A53E-3AAB33204F6E}"
EndProject
Global
	GlobalSection(SolutionConfigurationPlatforms) = preSolution
		Debug|Any CPU = Debug|Any CPU
		Release|Any CPU = Release|Any CPU
	EndGlobalSection
	GlobalSection(ProjectConfigurationPlatforms) = postSolution
		{1843FC6B-EA48-4549-A1DA-C3CFE2EA1141}.Debug|Any CPU.ActiveCfg = Debug|Any CPU
		{1843FC6B-EA48-4549-A1DA-C3CFE2EA1141}.Debug|Any CPU.Build.0 = Debug|Any CPU
		{1843FC6B-EA48-4549-A1DA-C3CFE2EA1141}.Release|Any CPU.ActiveCfg = Release|Any CPU
		{1843FC6B-EA48-4549-A1DA-C3CFE2EA1141}.Release|Any CPU.Build.0 = Release|Any CPU
		{88B791E6-629A-4FBF-B83C-EC84DCD380CF}.Debug|Any CPU.ActiveCfg = Debug|Any CPU
		{88B791E6-629A-4FBF-B83C-EC84DCD380CF}.Debug|Any CPU.Build.0 = Debug|Any CPU
		{88B791E6-629A-4FBF-B83C-EC84DCD380CF}.Release|Any CPU.ActiveCfg = Release|Any CPU
		{88B791E6-629A-4FBF-B83C-EC84DCD380CF}.Release|Any CPU.Build.0 = Release|Any CPU
		{FAD50CF8-DC1D-4FFC-A53E-3AAB33204F6E}.Debug|Any CPU.ActiveCfg = Debug|Any CPU
		{FAD50CF8-DC1D-4FFC-A53E-3AAB33204F6E}.Debug|Any CPU.Build.0 = Debug|Any CPU
		{FAD50CF8-DC1D-4FFC-A53E-3AAB33204F6E}.Release|Any CPU.ActiveCfg = Release|Any CPU
		{FAD50CF8-DC1D-4FFC-A53E-3AAB33204F6E}.Release|Any CPU.Build.0 = Release|Any CPU
	EndGlobalSection
	GlobalSection(SolutionProperties) = preSolution
		HideSolutionNode = FALSE
	EndGlobalSection
	GlobalSection(ExtensibilityGlobals) = postSolution
		SolutionGuid = {AE0F55FC-DC19-48C7-B6B5-AF16FC56A326}
	EndGlobalSection
EndGlobal
